
Microsoft Visual Studio Solution File, Format Version 12.00
# Visual Studio Version 17
VisualStudioVersion = 17.0.31903.59
MinimumVisualStudioVersion = 10.0.40219.1
Project("{FAE04EC0-301F-11D3-BF4B-00C04F79EFBC}") = "Lab1Sonar", "Lab1Sonar.csproj", "{0B46740D-2F0B-4CD1-82B1-84067A1D3BD7}"
EndProject
Global
	GlobalSection(SolutionConfigurationPlatforms) = preSolution
		Debug|Any CPU = Debug|Any CPU
		Release|Any CPU = Release|Any CPU
	EndGlobalSection
	GlobalSection(ProjectConfigurationPlatforms) = postSolution
		{0B46740D-2F0B-4CD1-82B1-84067A1D3BD7}.Debug|Any CPU.ActiveCfg = Debug|Any CPU
		{0B46740D-2F0B-4CD1-82B1-84067A1D3BD7}.Debug|Any CPU.Build.0 = Debug|Any CPU
		{0B46740D-2F0B-4CD1-82B1-84067A1D3BD7}.Release|Any CPU.ActiveCfg = Release|Any CPU
		{0B46740D-2F0B-4CD1-82B1-84067A1D3BD7}.Release|Any CPU.Build.0 = Release|Any CPU
	EndGlobalSection
	GlobalSection(SolutionProperties) = preSolution
		HideSolutionNode = FALSE
	EndGlobalSection
	GlobalSection(ExtensibilityGlobals) = postSolution
		SolutionGuid = {8B3522F6-A34C-4A0B-81A5-F0101470C4CF}
	EndGlobalSection
EndGlobal
